// !$*UTF8*$!
{
	archiveVersion = 1;
	classes = {
	};
	objectVersion = 46;
	objects = {

/* Begin PBXBuildFile section */
		660E58F3153C86950035559F /* UIKit.framework in Frameworks */ = {isa = PBXBuildFile; fileRef = 660E58F2153C86950035559F /* UIKit.framework */; };
		660E58F5153C86950035559F /* Foundation.framework in Frameworks */ = {isa = PBXBuildFile; fileRef = 660E58F4153C86950035559F /* Foundation.framework */; };
		660E58F7153C86950035559F /* CoreGraphics.framework in Frameworks */ = {isa = PBXBuildFile; fileRef = 660E58F6153C86950035559F /* CoreGraphics.framework */; };
		660E58FD153C86950035559F /* InfoPlist.strings in Resources */ = {isa = PBXBuildFile; fileRef = 660E58FB153C86950035559F /* InfoPlist.strings */; };
		660E58FF153C86950035559F /* main.m in Sources */ = {isa = PBXBuildFile; fileRef = 660E58FE153C86950035559F /* main.m */; };
		660E5903153C86950035559F /* AppDelegate.m in Sources */ = {isa = PBXBuildFile; fileRef = 660E5902153C86950035559F /* AppDelegate.m */; };
		660E5906153C86950035559F /* MainStoryboard.storyboard in Resources */ = {isa = PBXBuildFile; fileRef = 660E5904153C86950035559F /* MainStoryboard.storyboard */; };
		660E5909153C86950035559F /* FirstViewController.m in Sources */ = {isa = PBXBuildFile; fileRef = 660E5908153C86950035559F /* FirstViewController.m */; };
		660E590B153C86950035559F /* first.png in Resources */ = {isa = PBXBuildFile; fileRef = 660E590A153C86950035559F /* first.png */; };
		660E590D153C86950035559F /* first@2x.png in Resources */ = {isa = PBXBuildFile; fileRef = 660E590C153C86950035559F /* first@2x.png */; };
		660E5910153C86950035559F /* SecondViewController.m in Sources */ = {isa = PBXBuildFile; fileRef = 660E590F153C86950035559F /* SecondViewController.m */; };
		660E5912153C86950035559F /* second.png in Resources */ = {isa = PBXBuildFile; fileRef = 660E5911153C86950035559F /* second.png */; };
		660E5914153C86950035559F /* second@2x.png in Resources */ = {isa = PBXBuildFile; fileRef = 660E5913153C86950035559F /* second@2x.png */; };
/* End PBXBuildFile section */

/* Begin PBXFileReference section */
		660E58EE153C86950035559F /* TabNotification.app */ = {isa = PBXFileReference; explicitFileType = wrapper.application; includeInIndex = 0; path = TabNotification.app; sourceTree = BUILT_PRODUCTS_DIR; };
		660E58F2153C86950035559F /* UIKit.framework */ = {isa = PBXFileReference; lastKnownFileType = wrapper.framework; name = UIKit.framework; path = System/Library/Frameworks/UIKit.framework; sourceTree = SDKROOT; };
		660E58F4153C86950035559F /* Foundation.framework */ = {isa = PBXFileReference; lastKnownFileType = wrapper.framework; name = Foundation.framework; path = System/Library/Frameworks/Foundation.framework; sourceTree = SDKROOT; };
		660E58F6153C86950035559F /* CoreGraphics.framework */ = {isa = PBXFileReference; lastKnownFileType = wrapper.framework; name = CoreGraphics.framework; path = System/Library/Frameworks/CoreGraphics.framework; sourceTree = SDKROOT; };
		660E58FA153C86950035559F /* TabNotification-Info.plist */ = {isa = PBXFileReference; lastKnownFileType = text.plist.xml; path = "TabNotification-Info.plist"; sourceTree = "<group>"; };
		660E58FC153C86950035559F /* en */ = {isa = PBXFileReference; lastKnownFileType = text.plist.strings; name = en; path = en.lproj/InfoPlist.strings; sourceTree = "<group>"; };
		660E58FE153C86950035559F /* main.m */ = {isa = PBXFileReference; lastKnownFileType = sourcecode.c.objc; path = main.m; sourceTree = "<group>"; };
		660E5900153C86950035559F /* TabNotification-Prefix.pch */ = {isa = PBXFileReference; lastKnownFileType = sourcecode.c.h; path = "TabNotification-Prefix.pch"; sourceTree = "<group>"; };
		660E5901153C86950035559F /* AppDelegate.h */ = {isa = PBXFileReference; lastKnownFileType = sourcecode.c.h; path = AppDelegate.h; sourceTree = "<group>"; };
		660E5902153C86950035559F /* AppDelegate.m */ = {isa = PBXFileReference; lastKnownFileType = sourcecode.c.objc; path = AppDelegate.m; sourceTree = "<group>"; };
		660E5905153C86950035559F /* en */ = {isa = PBXFileReference; lastKnownFileType = file.storyboard; name = en; path = en.lproj/MainStoryboard.storyboard; sourceTree = "<group>"; };
		660E5907153C86950035559F /* FirstViewController.h */ = {isa = PBXFileReference; lastKnownFileType = sourcecode.c.h; path = FirstViewController.h; sourceTree = "<group>"; };
		660E5908153C86950035559F /* FirstViewController.m */ = {isa = PBXFileReference; lastKnownFileType = sourcecode.c.objc; path = FirstViewController.m; sourceTree = "<group>"; };
		660E590A153C86950035559F /* first.png */ = {isa = PBXFileReference; lastKnownFileType = image.png; path = first.png; sourceTree = "<group>"; };
		660E590C153C86950035559F /* first@2x.png */ = {isa = PBXFileReference; lastKnownFileType = image.png; path = "first@2x.png"; sourceTree = "<group>"; };
		660E590E153C86950035559F /* SecondViewController.h */ = {isa = PBXFileReference; lastKnownFileType = sourcecode.c.h; path = SecondViewController.h; sourceTree = "<group>"; };
		660E590F153C86950035559F /* SecondViewController.m */ = {isa = PBXFileReference; lastKnownFileType = sourcecode.c.objc; path = SecondViewController.m; sourceTree = "<group>"; };
		660E5911153C86950035559F /* second.png */ = {isa = PBXFileReference; lastKnownFileType = image.png; path = second.png; sourceTree = "<group>"; };
		660E5913153C86950035559F /* second@2x.png */ = {isa = PBXFileReference; lastKnownFileType = image.png; path = "second@2x.png"; sourceTree = "<group>"; };
/* End PBXFileReference section */

/* Begin PBXFrameworksBuildPhase section */
		660E58EB153C86950035559F /* Frameworks */ = {
			isa = PBXFrameworksBuildPhase;
			buildActionMask = 2147483647;
			files = (
				660E58F3153C86950035559F /* UIKit.framework in Frameworks */,
				660E58F5153C86950035559F /* Foundation.framework in Frameworks */,
				660E58F7153C86950035559F /* CoreGraphics.framework in Frameworks */,
			);
			runOnlyForDeploymentPostprocessing = 0;
		};
/* End PBXFrameworksBuildPhase section */

/* Begin PBXGroup section */
		660E58E3153C86950035559F = {
			isa = PBXGroup;
			children = (
				660E58F8153C86950035559F /* TabNotification */,
				660E58F1153C86950035559F /* Frameworks */,
				660E58EF153C86950035559F /* Products */,
			);
			sourceTree = "<group>";
		};
		660E58EF153C86950035559F /* Products */ = {
			isa = PBXGroup;
			children = (
				660E58EE153C86950035559F /* TabNotification.app */,
			);
			name = Products;
			sourceTree = "<group>";
		};
		660E58F1153C86950035559F /* Frameworks */ = {
			isa = PBXGroup;
			children = (
				660E58F2153C86950035559F /* UIKit.framework */,
				660E58F4153C86950035559F /* Foundation.framework */,
				660E58F6153C86950035559F /* CoreGraphics.framework */,
			);
			name = Frameworks;
			sourceTree = "<group>";
		};
		660E58F8153C86950035559F /* TabNotification */ = {
			isa = PBXGroup;
			children = (
				660E5901153C86950035559F /* AppDelegate.h */,
				660E5902153C86950035559F /* AppDelegate.m */,
				660E5904153C86950035559F /* MainStoryboard.storyboard */,
				660E5907153C86950035559F /* FirstViewController.h */,
				660E5908153C86950035559F /* FirstViewController.m */,
				660E590A153C86950035559F /* first.png */,
				660E590C153C86950035559F /* first@2x.png */,
				660E590E153C86950035559F /* SecondViewController.h */,
				660E590F153C86950035559F /* SecondViewController.m */,
				660E5911153C86950035559F /* second.png */,
				660E5913153C86950035559F /* second@2x.png */,
				660E58F9153C86950035559F /* Supporting Files */,
			);
			path = TabNotification;
			sourceTree = "<group>";
		};
		660E58F9153C86950035559F /* Supporting Files */ = {
			isa = PBXGroup;
			children = (
				660E58FA153C86950035559F /* TabNotification-Info.plist */,
				660E58FB153C86950035559F /* InfoPlist.strings */,
				660E58FE153C86950035559F /* main.m */,
				660E5900153C86950035559F /* TabNotification-Prefix.pch */,
			);
			name = "Supporting Files";
			sourceTree = "<group>";
		};
/* End PBXGroup section */

/* Begin PBXNativeTarget section */
		660E58ED153C86950035559F /* TabNotification */ = {
			isa = PBXNativeTarget;
			buildConfigurationList = 660E5917153C86950035559F /* Build configuration list for PBXNativeTarget "TabNotification" */;
			buildPhases = (
				660E58EA153C86950035559F /* Sources */,
				660E58EB153C86950035559F /* Frameworks */,
				660E58EC153C86950035559F /* Resources */,
			);
			buildRules = (
			);
			dependencies = (
			);
			name = TabNotification;
			productName = TabNotification;
			productReference = 660E58EE153C86950035559F /* TabNotification.app */;
			productType = "com.apple.product-type.application";
		};
/* End PBXNativeTarget section */

/* Begin PBXProject section */
		660E58E5153C86950035559F /* Project object */ = {
			isa = PBXProject;
			attributes = {
				LastUpgradeCheck = 0430;
			};
			buildConfigurationList = 660E58E8153C86950035559F /* Build configuration list for PBXProject "TabNotification" */;
			compatibilityVersion = "Xcode 3.2";
			developmentRegion = English;
			hasScannedForEncodings = 0;
			knownRegions = (
				en,
			);
			mainGroup = 660E58E3153C86950035559F;
			productRefGroup = 660E58EF153C86950035559F /* Products */;
			projectDirPath = "";
			projectRoot = "";
			targets = (
				660E58ED153C86950035559F /* TabNotification */,
			);
		};
/* End PBXProject section */

/* Begin PBXResourcesBuildPhase section */
		660E58EC153C86950035559F /* Resources */ = {
			isa = PBXResourcesBuildPhase;
			buildActionMask = 2147483647;
			files = (
				660E58FD153C86950035559F /* InfoPlist.strings in Resources */,
				660E5906153C86950035559F /* MainStoryboard.storyboard in Resources */,
				660E590B153C86950035559F /* first.png in Resources */,
				660E590D153C86950035559F /* first@2x.png in Resources */,
				660E5912153C86950035559F /* second.png in Resources */,
				660E5914153C86950035559F /* second@2x.png in Resources */,
			);
			runOnlyForDeploymentPostprocessing = 0;
		};
/* End PBXResourcesBuildPhase section */

/* Begin PBXSourcesBuildPhase section */
		660E58EA153C86950035559F /* Sources */ = {
			isa = PBXSourcesBuildPhase;
			buildActionMask = 2147483647;
			files = (
				660E58FF153C86950035559F /* main.m in Sources */,
				660E5903153C86950035559F /* AppDelegate.m in Sources */,
				660E5909153C86950035559F /* FirstViewController.m in Sources */,
				660E5910153C86950035559F /* SecondViewController.m in Sources */,
			);
			runOnlyForDeploymentPostprocessing = 0;
		};
/* End PBXSourcesBuildPhase section */

/* Begin PBXVariantGroup section */
		660E58FB153C86950035559F /* InfoPlist.strings */ = {
			isa = PBXVariantGroup;
			children = (
				660E58FC153C86950035559F /* en */,
			);
			name = InfoPlist.strings;
			sourceTree = "<group>";
		};
		660E5904153C86950035559F /* MainStoryboard.storyboard */ = {
			isa = PBXVariantGroup;
			children = (
				660E5905153C86950035559F /* en */,
			);
			name = MainStoryboard.storyboard;
			sourceTree = "<group>";
		};
/* End PBXVariantGroup section */

/* Begin XCBuildConfiguration section */
		660E5915153C86950035559F /* Debug */ = {
			isa = XCBuildConfiguration;
			buildSettings = {
				ALWAYS_SEARCH_USER_PATHS = NO;
				ARCHS = "$(ARCHS_STANDARD_32_BIT)";
				CLANG_ENABLE_OBJC_ARC = YES;
				"CODE_SIGN_IDENTITY[sdk=iphoneos*]" = "iPhone Developer";
				COPY_PHASE_STRIP = NO;
				GCC_C_LANGUAGE_STANDARD = gnu99;
				GCC_DYNAMIC_NO_PIC = NO;
				GCC_OPTIMIZATION_LEVEL = 0;
				GCC_PREPROCESSOR_DEFINITIONS = (
					"DEBUG=1",
					"$(inherited)",
				);
				GCC_SYMBOLS_PRIVATE_EXTERN = NO;
				GCC_VERSION = com.apple.compilers.llvm.clang.1_0;
				GCC_WARN_ABOUT_RETURN_TYPE = YES;
				GCC_WARN_UNINITIALIZED_AUTOS = YES;
				GCC_WARN_UNUSED_VARIABLE = YES;
				IPHONEOS_DEPLOYMENT_TARGET = 5.1;
				SDKROOT = iphoneos;
			};
			name = Debug;
		};
		660E5916153C86950035559F /* Release */ = {
			isa = XCBuildConfiguration;
			buildSettings = {
				ALWAYS_SEARCH_USER_PATHS = NO;
				ARCHS = "$(ARCHS_STANDARD_32_BIT)";
				CLANG_ENABLE_OBJC_ARC = YES;
				"CODE_SIGN_IDENTITY[sdk=iphoneos*]" = "iPhone Developer";
				COPY_PHASE_STRIP = YES;
				GCC_C_LANGUAGE_STANDARD = gnu99;
				GCC_VERSION = com.apple.compilers.llvm.clang.1_0;
				GCC_WARN_ABOUT_RETURN_TYPE = YES;
				GCC_WARN_UNINITIALIZED_AUTOS = YES;
				GCC_WARN_UNUSED_VARIABLE = YES;
				IPHONEOS_DEPLOYMENT_TARGET = 5.1;
				OTHER_CFLAGS = "-DNS_BLOCK_ASSERTIONS=1";
				SDKROOT = iphoneos;
				VALIDATE_PRODUCT = YES;
			};
			name = Release;
		};
		660E5918153C86950035559F /* Debug */ = {
			isa = XCBuildConfiguration;
			buildSettings = {
				GCC_PRECOMPILE_PREFIX_HEADER = YES;
				GCC_PREFIX_HEADER = "TabNotification/TabNotification-Prefix.pch";
				INFOPLIST_FILE = "TabNotification/TabNotification-Info.plist";
				PRODUCT_NAME = "$(TARGET_NAME)";
				WRAPPER_EXTENSION = app;
			};
			name = Debug;
		};
		660E5919153C86950035559F /* Release */ = {
			isa = XCBuildConfiguration;
			buildSettings = {
				GCC_PRECOMPILE_PREFIX_HEADER = YES;
				GCC_PREFIX_HEADER = "TabNotification/TabNotification-Prefix.pch";
				INFOPLIST_FILE = "TabNotification/TabNotification-Info.plist";
				PRODUCT_NAME = "$(TARGET_NAME)";
				WRAPPER_EXTENSION = app;
			};
			name = Release;
		};
/* End XCBuildConfiguration section */

/* Begin XCConfigurationList section */
		660E58E8153C86950035559F /* Build configuration list for PBXProject "TabNotification" */ = {
			isa = XCConfigurationList;
			buildConfigurations = (
				660E5915153C86950035559F /* Debug */,
				660E5916153C86950035559F /* Release */,
			);
			defaultConfigurationIsVisible = 0;
			defaultConfigurationName = Release;
		};
		660E5917153C86950035559F /* Build configuration list for PBXNativeTarget "TabNotification" */ = {
			isa = XCConfigurationList;
			buildConfigurations = (
				660E5918153C86950035559F /* Debug */,
				660E5919153C86950035559F /* Release */,
			);
			defaultConfigurationIsVisible = 0;
		};
/* End XCConfigurationList section */
	};
	rootObject = 660E58E5153C86950035559F /* Project object */;
}
